{
  "version": 1,
  "dependencies": {
    "net10.0": {
      "Azure.Core": {
        "type": "Direct",
        "requested": "[1.61.0, )",
        "resolved": "1.61.0",
        "contentHash": "sns4J9zz7NCpfNYz9rMIly5/TjDkNsTnPAr4nNr0BUBzn6tn6RNOEHOKb7A7DhJj/dEFMSevp3Ye36cUiNmsfg==",
        "dependencies": {
          "Microsoft.Bcl.AsyncInterfaces": "10.0.9",
          "Microsoft.Identity.Client": "4.84.2",
          "Microsoft.Identity.Client.Extensions.Msal": "4.84.2",
          "System.ClientModel": "1.15.0",
          "System.Memory.Data": "10.0.9"
        }
      },
      "Azure.Identity": {
        "type": "Direct",
        "requested": "[1.21.0, )",
        "resolved": "1.21.0",
        "contentHash": "GeFv8sGwRKvDKwI2WFy8r0mhmlxEVZg24Sit2NogTjiSO8RVjllWM65OT6e1sKjOvG8V74y7hAbaELUUPjZQSw==",
        "dependencies": {
          "Azure.Core": "1.53.0"
        }
      },
      "Azure.Messaging.EventHubs": {
        "type": "Direct",
        "requested": "[5.12.2, )",
        "resolved": "5.12.2",
        "contentHash": "vmrkhHAcGigX/xVMvPqC6dZeWEhxEBzGEkF/ti7RxdVcIANRaPS6EpEtIHRxcgoaLukvmirkdE0Svq++ljh5Tg==",
        "dependencies": {
          "Azure.Core": "1.46.2",
          "Azure.Core.Amqp": "1.3.1",
          "Microsoft.Azure.Amqp": "2.7.0",
          "System.Reflection.TypeExtensions": "4.7.0"
        }
      },
      "Azure.Messaging.EventHubs.Processor": {
        "type": "Direct",
        "requested": "[5.12.2, )",
        "resolved": "5.12.2",
        "contentHash": "IQmVpv60mFc2+/WTA3pulvslkdQxzfsd71VL7CBHek/QT6XH4d5NTF/l9RQi43zKlcicrlLax2LK7L6rFjxY6g==",
        "dependencies": {
          "Azure.Messaging.EventHubs": "5.12.2",
          "Azure.Storage.Blobs": "12.23.0",
          "Microsoft.Azure.Amqp": "2.7.0",
          "System.Reflection.TypeExtensions": "4.7.0"
        }
      },
      "Azure.Messaging.ServiceBus": {
        "type": "Direct",
        "requested": "[7.20.2, )",
        "resolved": "7.20.2",
        "contentHash": "mwr5c3Qs7FWUtwzlLOtVixYDpUuA+Ln7sNirljTHZR8kDhzdr2grlqx0RRBvGV+IDCRHt1jIRb+hi0MUzjeVmw==",
        "dependencies": {
          "Azure.Core": "1.60.0",
          "Azure.Core.Amqp": "1.3.1",
          "Microsoft.Azure.Amqp": "2.7.0"
        }
      },
      "Azure.Storage.Blobs": {
        "type": "Direct",
        "requested": "[12.29.1, )",
        "resolved": "12.29.1",
        "contentHash": "pWh7xZBto8YcwiO853AB3uijTfVqs9PDte0Bu9/Zd8O9nwKiitWm0Jej1vsNkmYUzeG1552f8vJPjmtW30pBUQ==",
        "dependencies": {
          "Azure.Core": "1.55.0",
          "Azure.Storage.Common": "12.28.0"
        }
      },
      "CommunityToolkit.Diagnostics": {
        "type": "Direct",
        "requested": "[8.4.2, )",
        "resolved": "8.4.2",
        "contentHash": "WC0fk3A49gk6kWjhSZ8CDgPkv+wPHGhMFxUrKRlLtzUYXRFOdTDQ4RsEkZnI9ApO7eJh6nqT2MFmwFptpMs7aw=="
      },
      "Microsoft.ApplicationInsights": {
        "type": "Direct",
        "requested": "[3.1.2, )",
        "resolved": "3.1.2",
        "contentHash": "E+8N7Q6GS/AcyJ0xuYA48nVL4eQGGOSJZvNz/R7qQtMGCUwjLzQe9Ttpgh/7eQktngsUuNGaEzBhM7IUU0t4xA==",
        "dependencies": {
          "Azure.Monitor.OpenTelemetry.Exporter": "1.8.0"
        }
      },
      "Microsoft.ApplicationInsights.WorkerService": {
        "type": "Direct",
        "requested": "[3.1.2, )",
        "resolved": "3.1.2",
        "contentHash": "jFyIBi1/ZPFEZHeiSINsY2nj/UJIP9geLZ+1fjYWlDvX0NXiafPCbu5AyIH7inDGtgjAK81hLBmII7F4cgNbug==",
        "dependencies": {
          "Microsoft.ApplicationInsights": "3.1.2",
          "OpenTelemetry.Extensions.Hosting": "1.15.3",
          "OpenTelemetry.Instrumentation.Http": "1.15.1",
          "OpenTelemetry.Instrumentation.SqlClient": "1.15.2"
        }
      },
      "Microsoft.Extensions.Configuration.AzureAppConfiguration": {
        "type": "Direct",
        "requested": "[8.6.0, )",
        "resolved": "8.6.0",
        "contentHash": "jdep6SPC16joz8Gau7BZ+EXtcqFG/b9cjhQ6OAIOAENTUaa0tFXkfTbtqax8cdfpuvnnIic1ga+wmR5YpbP/4g==",
        "dependencies": {
          "Azure.Data.AppConfiguration": "1.11.0",
          "Azure.Messaging.EventGrid": "5.0.0",
          "Azure.Security.KeyVault.Secrets": "4.8.0",
          "DnsClient": "1.7.0",
          "Microsoft.Bcl.HashCode": "6.0.0",
          "Microsoft.Extensions.Azure": "1.12.0"
        }
      },
      "Microsoft.IdentityModel.JsonWebTokens": {
        "type": "Direct",
        "requested": "[8.22.0, )",
        "resolved": "8.22.0",
        "contentHash": "kv6peMLjALZLDAy2H3F77KjVRdwiscn2p/g3ui2chcbuEcAX2MpAbyDcYnJ7Vyh8jZ1aJWrniUMCDWoOgnu4NQ==",
        "dependencies": {
          "Microsoft.IdentityModel.Tokens": "8.22.0"
        }
      },
      "Microsoft.IdentityModel.Tokens": {
        "type": "Direct",
        "requested": "[8.22.0, )",
        "resolved": "8.22.0",
        "contentHash": "i4lywKKUuVmheCUA+w/q8QNPReNI0qanHI9hhz48AFqD1ljyb8sxPL2RbXOGiPV13XdJ4kxieL9ukS7tD43LxA==",
        "dependencies": {
          "Microsoft.Bcl.Cryptography": "10.0.2",
          "Microsoft.IdentityModel.Logging": "8.22.0"
        }
      },
      "OpenTelemetry": {
        "type": "Direct",
        "requested": "[1.17.0, )",
        "resolved": "1.17.0",
        "contentHash": "rMLOTftlMlTm7+MSrvXDHnJRjVkROFNKXHZrYjOsX+LankaFG7QSflx7qRRGjoqZoirohnxmJQ7GEb9occO4Gg==",
        "dependencies": {
          "OpenTelemetry.Api.ProviderBuilderExtensions": "1.17.0"
        }
      },
      "Azure.Core.Amqp": {
        "type": "Transitive",
        "resolved": "1.3.1",
        "contentHash": "AY1ZM4WwLBb9L2WwQoWs7wS2XKYg83tp3yVVdgySdebGN0FuIszuEqCy3Nhv6qHpbkjx/NGuOTsUbF/oNGBgwA==",
        "dependencies": {
          "Microsoft.Azure.Amqp": "2.6.7",
          "System.Memory.Data": "1.0.2"
        }
      },
      "Azure.Data.AppConfiguration": {
        "type": "Transitive",
        "resolved": "1.11.0",
        "contentHash": "ClG33fUhOW18zpAOieIcbb84EfEWe0Ey6pTYjKoMezSrCYmdLbxW03FSuoAWxVTJyu1JEzuNYai08yeSQi6Xvg==",
        "dependencies": {
          "Azure.Core": "1.60.0"
        }
      },
      "Azure.Messaging.EventGrid": {
        "type": "Transitive",
        "resolved": "5.0.0",
        "contentHash": "/lc0X9Na9v8mb6cY8vRIaMuQEcerHK8msmwmc3nhkY9QX4x4R8w+sDxnHM0eXezzzmEumkfUPnDWIKCEzvsl9A==",
        "dependencies": {
          "Azure.Core": "1.46.2",
          "Azure.Messaging.EventGrid.SystemEvents": "1.0.0"
        }
      },
      "Azure.Messaging.EventGrid.SystemEvents": {
        "type": "Transitive",
        "resolved": "1.0.0",
        "contentHash": "sGAZL0Kw3ErcPPdN3+OcMM+fTCeyGtP/No0+D7PP4tCI5VqKB2DxOlu/tdF4UYuk6YXE3XAZ/yHDjmzEaqr59g==",
        "dependencies": {
          "Azure.Core": "1.46.2"
        }
      },
      "Azure.Monitor.OpenTelemetry.Exporter": {
        "type": "Transitive",
        "resolved": "1.8.0",
        "contentHash": "JbNUQIK7uZ7Mg2fZzdsjqC/eso3Ag/tMwCqYvGvedyE1fObe6JAwCaCSMZDMrhrAaFn8x8+ZaKJelfcEK5MCcg==",
        "dependencies": {
          "Azure.Core": "1.54.0",
          "OpenTelemetry.Extensions.Hosting": "1.15.3",
          "OpenTelemetry.PersistentStorage.FileSystem": "1.0.3"
        }
      },
      "Azure.Security.KeyVault.Secrets": {
        "type": "Transitive",
        "resolved": "4.8.0",
        "contentHash": "tmcIgo+de2K5+PTBRNlnFLQFbmSoyuT9RpDr5MwKS6mIfNxLPQpARkRAP91r3tmeiJ9j/UCO0F+hTlk1Bk7HNQ==",
        "dependencies": {
          "Azure.Core": "1.46.2"
        }
      },
      "Azure.Storage.Common": {
        "type": "Transitive",
        "resolved": "12.28.0",
        "contentHash": "5l8YhNrks38zKLGFW2BBFLwieyamH/xauABSASsdpZv79G0f+n2n22IjkRmUqCmALSupkwRHh2LOhbW3yj5Qgw==",
        "dependencies": {
          "Azure.Core": "1.55.0",
          "System.IO.Hashing": "10.0.3"
        }
      },
      "DnsClient": {
        "type": "Transitive",
        "resolved": "1.7.0",
        "contentHash": "2hrXR83b5g6/ZMJOA36hXp4t56yb7G1mF3Hg6IkrHxvtyaoXRn2WVdgDPN3V8+GugOlUBbTWXgPaka4dXw1QIg=="
      },
      "Microsoft.Azure.Amqp": {
        "type": "Transitive",
        "resolved": "2.7.0",
        "contentHash": "gm/AEakujttMzrDhZ5QpRz3fICVkYDn/oDG9SmxDP+J7R8JDBXYU9WWG7hr6wQy40mY+wjUF0yUGXDPRDRNJwQ=="
      },
      "Microsoft.Bcl.AsyncInterfaces": {
        "type": "Transitive",
        "resolved": "10.0.9",
        "contentHash": "Aq7M8lG6BrHeatqKqncVm9m55ec34k6nnfPRLe/PvGg+b/pAsRM2ejofeKmCLjTXMa+5NGXm382f8CG/D5WDow=="
      },
      "Microsoft.Bcl.Cryptography": {
        "type": "Transitive",
        "resolved": "10.0.2",
        "contentHash": "LG9Yll3B5aNpxv0+D47g6LiOiKBIlodhcHdQwcYzo8VeexFLGqx5ymetmA2aBRyo9cCcWsQWrFsdbsr8LvmWDw=="
      },
      "Microsoft.Bcl.HashCode": {
        "type": "Transitive",
        "resolved": "6.0.0",
        "contentHash": "GI4jcoi6eC9ZhNOQylIBaWOQjyGaR8T6N3tC1u8p3EXfndLCVNNWa+Zp+ocjvvS3kNBN09Zma2HXL0ezO0dRfw=="
      },
      "Microsoft.Extensions.Azure": {
        "type": "Transitive",
        "resolved": "1.12.0",
        "contentHash": "3sIvazPesPdEn5t2yT+pwVWKm1LyN/LB31Wh52giRNf2ckcKmaxW2KOA5uNZHSaqABhMDPAYGMeGBFQreZ7uUg==",
        "dependencies": {
          "Azure.Core": "1.46.2",
          "Azure.Identity": "1.13.1"
        }
      },
      "Microsoft.Identity.Client": {
        "type": "Transitive",
        "resolved": "4.84.2",
        "contentHash": "Va9FjmABSgj/lcUfHH0pBNQkmS7SNyepz2ERV7Yynp6QgEYpFdSqR6Vzy1WWipN8GS5pBHuXoZbqaDWuARCrHQ==",
        "dependencies": {
          "Microsoft.IdentityModel.Abstractions": "8.14.0"
        }
      },
      "Microsoft.Identity.Client.Extensions.Msal": {
        "type": "Transitive",
        "resolved": "4.84.2",
        "contentHash": "+D98LaU3dOu/Nzs6kgbBJapMvH7iwYcAeC99XwSkpmEadsPv6rozecOl9P6m4A3RfpOuPt9e6J6TwwUUp3+M4w==",
        "dependencies": {
          "Microsoft.Identity.Client": "4.84.2",
          "System.Security.Cryptography.ProtectedData": "4.5.0"
        }
      },
      "Microsoft.IdentityModel.Abstractions": {
        "type": "Transitive",
        "resolved": "8.22.0",
        "contentHash": "LU3V3owsu4vGpCg2kyL7SsQEuHwcoJ8FSNBqzLADzCf3/PcKUTcx5Plsd51DoTJMfK/WigXV/03UhaN5JXE6uQ=="
      },
      "Microsoft.IdentityModel.Logging": {
        "type": "Transitive",
        "resolved": "8.22.0",
        "contentHash": "G9Tl0yXSlr2pkXv4EpXjO16M4q6oo9N/od+gNyOusZ8yM8LZg1H3f/QOMFuOJiV6znzY5MkAREU97JRRnqpEQw==",
        "dependencies": {
          "Microsoft.IdentityModel.Abstractions": "8.22.0"
        }
      },
      "OpenTelemetry.Api": {
        "type": "Transitive",
        "resolved": "1.17.0",
        "contentHash": "mSBxzomZgHIJu9CyVNqyDu/n2JHEtqVgfcCD1Br0cV5iLYogjZOMqhlVLt99PEp+0KGBNUR3GXgeOdN2GR3F9g=="
      },
      "OpenTelemetry.Api.ProviderBuilderExtensions": {
        "type": "Transitive",
        "resolved": "1.17.0",
        "contentHash": "Xgc3Qf9B9TFMFpx6exTdGqMWuYIT2miNzkdMPutVvT9YuMFaEovXWke1Gb6z8NxYaQbbGF38vYLuSg1JCeui5Q==",
        "dependencies": {
          "OpenTelemetry.Api": "1.17.0"
        }
      },
      "OpenTelemetry.Extensions.Hosting": {
        "type": "Transitive",
        "resolved": "1.15.3",
        "contentHash": "u8n/W8yIlqv0BXZmvId1iVaeWXG42tGKdTkuLYg5g57Y/r9CeUNzqtrSHNdG5IoO8iPX79w3v+WsbAHgUQbfeg==",
        "dependencies": {
          "OpenTelemetry": "1.15.3"
        }
      },
      "OpenTelemetry.Instrumentation.Http": {
        "type": "Transitive",
        "resolved": "1.15.1",
        "contentHash": "vFO4Fj/dXkoVNGo/nhoGpO2zYQmZwr4jTID7oRGo+XlQ8LqksyZjUXQ4p39RfUvTID7IzzL8Qe71tW7CcAFymA==",
        "dependencies": {
          "OpenTelemetry.Api.ProviderBuilderExtensions": "[1.15.3, 2.0.0)"
        }
      },
      "OpenTelemetry.Instrumentation.SqlClient": {
        "type": "Transitive",
        "resolved": "1.15.2",
        "contentHash": "pRB84YJEXD121kygc6CtcF46dtLuTKIjphA2SJye32G4g2Xl3epkCrOcPCOAg4WDagCdMGa16Ge6PPVzFJZsAQ==",
        "dependencies": {
          "OpenTelemetry.Api.ProviderBuilderExtensions": "[1.15.3, 2.0.0)"
        }
      },
      "OpenTelemetry.PersistentStorage.Abstractions": {
        "type": "Transitive",
        "resolved": "1.0.3",
        "contentHash": "7nSE1uLY0KOHRssg1xQydDZJ/s9zECOzFT/gSDIp1KTxbgd1yziuMTsdBKZ/N1BbpUxfH6Pjq5OMd7lYogwReA=="
      },
      "OpenTelemetry.PersistentStorage.FileSystem": {
        "type": "Transitive",
        "resolved": "1.0.3",
        "contentHash": "3k+yCroJcGBtZIia+0LgzMlBuD0U95BzcWNEGWedusBaRAD8EmkaCPAUwaCtFbb/Mg7HywbIG2zuenANPYFJ0g==",
        "dependencies": {
          "OpenTelemetry.PersistentStorage.Abstractions": "1.0.3"
        }
      },
      "System.ClientModel": {
        "type": "Transitive",
        "resolved": "1.15.0",
        "contentHash": "y6zQLInrpX+oGL1gXM04DrUSu1O1esWxt4rD/zrujTnzIFChn/noD1OiVVpTrU8ZvglwqO2Uw038svUR3SiAOg==",
        "dependencies": {
          "System.Memory.Data": "10.0.9"
        }
      },
      "System.IO.Hashing": {
        "type": "Transitive",
        "resolved": "10.0.3",
        "contentHash": "La6ICwsdTKhVX+LKN+pvFjQRR3LhLwq3uKdi2knjLzRyPYBSydF4cjXidYxIiTcDD6XVYdsBWQEI8ZxiZ/OdIg=="
      },
      "System.Memory.Data": {
        "type": "Transitive",
        "resolved": "10.0.9",
        "contentHash": "YweovHiLUoEdbr2Xv8eRqCSkTu1vMms4a6xBHaQiMSFVy32PL+hXv6Vhol2NWOmLHjaVgTyhJ3R52U6JxS6w3Q=="
      },
      "System.Reflection.TypeExtensions": {
        "type": "Transitive",
        "resolved": "4.7.0",
        "contentHash": "VybpaOQQhqE6siHppMktjfGBw1GCwvCqiufqmP8F1nj7fTUNtW35LOEt3UZTEsECfo+ELAl/9o9nJx3U91i7vA=="
      },
      "System.Security.Cryptography.ProtectedData": {
        "type": "Transitive",
        "resolved": "4.5.0",
        "contentHash": "wLBKzFnDCxP12VL9ANydSYhk59fC4cvOr9ypYQLPnAj48NQIhqnjdD2yhP8yEKyBJEjERWS9DisKL7rX5eU25Q=="
      },
      "shared": {
        "type": "Project"
      },
      "shared-parser": {
        "type": "Project"
      }
    }
  }
}